
Microsoft Visual Studio Solution File, Format Version 12.00
# Visual Studio 15
VisualStudioVersion = 15.0.28307.421
MinimumVisualStudioVersion = 10.0.40219.1
Project("{FAE04EC0-301F-11D3-BF4B-00C04F79EFBC}") = "SetupEnvironmenr", "ConsoleApp1\SetupEnvironmenr.csproj", "{5C7D826B-2058-492D-BA0A-B947981ABD62}"
EndProject
Project("{FAE04EC0-301F-11D3-BF4B-00C04F79EFBC}") = "UnitTest", "UnitTest\UnitTest.csproj", "{FAC7EEF4-1C4A-44BC-8363-4FF2481A079F}"
EndProject
Global
	GlobalSection(SolutionConfigurationPlatforms) = preSolution
		Debug|Any CPU = Debug|Any CPU
		Release|Any CPU = Release|Any CPU
	EndGlobalSection
	GlobalSection(ProjectConfigurationPlatforms) = postSolution
		{5C7D826B-2058-492D-BA0A-B947981ABD62}.Debug|Any CPU.ActiveCfg = Debug|Any CPU
		{5C7D826B-2058-492D-BA0A-B947981ABD62}.Debug|Any CPU.Build.0 = Debug|Any CPU
		{5C7D826B-2058-492D-BA0A-B947981ABD62}.Release|Any CPU.ActiveCfg = Release|Any CPU
		{5C7D826B-2058-492D-BA0A-B947981ABD62}.Release|Any CPU.Build.0 = Release|Any CPU
		{FAC7EEF4-1C4A-44BC-8363-4FF2481A079F}.Debug|Any CPU.ActiveCfg = Debug|Any CPU
		{FAC7EEF4-1C4A-44BC-8363-4FF2481A079F}.Debug|Any CPU.Build.0 = Debug|Any CPU
		{FAC7EEF4-1C4A-44BC-8363-4FF2481A079F}.Release|Any CPU.ActiveCfg = Release|Any CPU
		{FAC7EEF4-1C4A-44BC-8363-4FF2481A079F}.Release|Any CPU.Build.0 = Release|Any CPU
	EndGlobalSection
	GlobalSection(SolutionProperties) = preSolution
		HideSolutionNode = FALSE
	EndGlobalSection
	GlobalSection(ExtensibilityGlobals) = postSolution
		SolutionGuid = {32755E8F-0499-4C27-939B-A66A8BF33028}
	EndGlobalSection
EndGlobal
